// !$*UTF8*$!
{
	archiveVersion = 1;
	classes = {
	};
	objectVersion = 46;
	objects = {

/* Begin PBXBuildFile section */
		5146032F19FED8A500782C02 /* main.m in Sources */ = {isa = PBXBuildFile; fileRef = 5146032E19FED8A500782C02 /* main.m */; };
		5146033219FED8A500782C02 /* AppDelegate.m in Sources */ = {isa = PBXBuildFile; fileRef = 5146033119FED8A500782C02 /* AppDelegate.m */; };
		5146033519FED8A500782C02 /* FirstViewController.m in Sources */ = {isa = PBXBuildFile; fileRef = 5146033419FED8A500782C02 /* FirstViewController.m */; };
		5146033819FED8A500782C02 /* SecondViewController.m in Sources */ = {isa = PBXBuildFile; fileRef = 5146033719FED8A500782C02 /* SecondViewController.m */; };
		5146033B19FED8A500782C02 /* Main.storyboard in Resources */ = {isa = PBXBuildFile; fileRef = 5146033919FED8A500782C02 /* Main.storyboard */; };
		5146033D19FED8A500782C02 /* Images.xcassets in Resources */ = {isa = PBXBuildFile; fileRef = 5146033C19FED8A500782C02 /* Images.xcassets */; };
		5146034019FED8A500782C02 /* LaunchScreen.xib in Resources */ = {isa = PBXBuildFile; fileRef = 5146033E19FED8A500782C02 /* LaunchScreen.xib */; };
		5146034C19FED8A500782C02 /* RetrogramTests.m in Sources */ = {isa = PBXBuildFile; fileRef = 5146034B19FED8A500782C02 /* RetrogramTests.m */; };
/* End PBXBuildFile section */

/* Begin PBXContainerItemProxy section */
		5146034619FED8A500782C02 /* PBXContainerItemProxy */ = {
			isa = PBXContainerItemProxy;
			containerPortal = 5146032119FED8A500782C02 /* Project object */;
			proxyType = 1;
			remoteGlobalIDString = 5146032819FED8A500782C02;
			remoteInfo = Retrogram;
		};
/* End PBXContainerItemProxy section */

/* Begin PBXFileReference section */
		5146032919FED8A500782C02 /* Retrogram.app */ = {isa = PBXFileReference; explicitFileType = wrapper.application; includeInIndex = 0; path = Retrogram.app; sourceTree = BUILT_PRODUCTS_DIR; };
		5146032D19FED8A500782C02 /* Info.plist */ = {isa = PBXFileReference; lastKnownFileType = text.plist.xml; path = Info.plist; sourceTree = "<group>"; };
		5146032E19FED8A500782C02 /* main.m */ = {isa = PBXFileReference; lastKnownFileType = sourcecode.c.objc; path = main.m; sourceTree = "<group>"; };
		5146033019FED8A500782C02 /* AppDelegate.h */ = {isa = PBXFileReference; lastKnownFileType = sourcecode.c.h; path = AppDelegate.h; sourceTree = "<group>"; };
		5146033119FED8A500782C02 /* AppDelegate.m */ = {isa = PBXFileReference; lastKnownFileType = sourcecode.c.objc; path = AppDelegate.m; sourceTree = "<group>"; };
		5146033319FED8A500782C02 /* FirstViewController.h */ = {isa = PBXFileReference; lastKnownFileType = sourcecode.c.h; path = FirstViewController.h; sourceTree = "<group>"; };
		5146033419FED8A500782C02 /* FirstViewController.m */ = {isa = PBXFileReference; lastKnownFileType = sourcecode.c.objc; path = FirstViewController.m; sourceTree = "<group>"; };
		5146033619FED8A500782C02 /* SecondViewController.h */ = {isa = PBXFileReference; lastKnownFileType = sourcecode.c.h; path = SecondViewController.h; sourceTree = "<group>"; };
		5146033719FED8A500782C02 /* SecondViewController.m */ = {isa = PBXFileReference; lastKnownFileType = sourcecode.c.objc; path = SecondViewController.m; sourceTree = "<group>"; };
		5146033A19FED8A500782C02 /* Base */ = {isa = PBXFileReference; lastKnownFileType = file.storyboard; name = Base; path = Base.lproj/Main.storyboard; sourceTree = "<group>"; };
		5146033C19FED8A500782C02 /* Images.xcassets */ = {isa = PBXFileReference; lastKnownFileType = folder.assetcatalog; path = Images.xcassets; sourceTree = "<group>"; };
		5146033F19FED8A500782C02 /* Base */ = {isa = PBXFileReference; lastKnownFileType = file.xib; name = Base; path = Base.lproj/LaunchScreen.xib; sourceTree = "<group>"; };
		5146034519FED8A500782C02 /* RetrogramTests.xctest */ = {isa = PBXFileReference; explicitFileType = wrapper.cfbundle; includeInIndex = 0; path = RetrogramTests.xctest; sourceTree = BUILT_PRODUCTS_DIR; };
		5146034A19FED8A500782C02 /* Info.plist */ = {isa = PBXFileReference; lastKnownFileType = text.plist.xml; path = Info.plist; sourceTree = "<group>"; };
		5146034B19FED8A500782C02 /* RetrogramTests.m */ = {isa = PBXFileReference; lastKnownFileType = sourcecode.c.objc; path = RetrogramTests.m; sourceTree = "<group>"; };
/* End PBXFileReference section */

/* Begin PBXFrameworksBuildPhase section */
		5146032619FED8A500782C02 /* Frameworks */ = {
			isa = PBXFrameworksBuildPhase;
			buildActionMask = 2147483647;
			files = (
			);
			runOnlyForDeploymentPostprocessing = 0;
		};
		5146034219FED8A500782C02 /* Frameworks */ = {
			isa = PBXFrameworksBuildPhase;
			buildActionMask = 2147483647;
			files = (
			);
			runOnlyForDeploymentPostprocessing = 0;
		};
/* End PBXFrameworksBuildPhase section */

/* Begin PBXGroup section */
		5146032019FED8A500782C02 = {
			isa = PBXGroup;
			children = (
				5146032B19FED8A500782C02 /* Retrogram */,
				5146034819FED8A500782C02 /* RetrogramTests */,
				5146032A19FED8A500782C02 /* Products */,
			);
			sourceTree = "<group>";
		};
		5146032A19FED8A500782C02 /* Products */ = {
			isa = PBXGroup;
			children = (
				5146032919FED8A500782C02 /* Retrogram.app */,
				5146034519FED8A500782C02 /* RetrogramTests.xctest */,
			);
			name = Products;
			sourceTree = "<group>";
		};
		5146032B19FED8A500782C02 /* Retrogram */ = {
			isa = PBXGroup;
			children = (
				5146033019FED8A500782C02 /* AppDelegate.h */,
				5146033119FED8A500782C02 /* AppDelegate.m */,
				5146033319FED8A500782C02 /* FirstViewController.h */,
				5146033419FED8A500782C02 /* FirstViewController.m */,
				5146033619FED8A500782C02 /* SecondViewController.h */,
				5146033719FED8A500782C02 /* SecondViewController.m */,
				5146033919FED8A500782C02 /* Main.storyboard */,
				5146033C19FED8A500782C02 /* Images.xcassets */,
				5146033E19FED8A500782C02 /* LaunchScreen.xib */,
				5146032C19FED8A500782C02 /* Supporting Files */,
			);
			path = Retrogram;
			sourceTree = "<group>";
		};
		5146032C19FED8A500782C02 /* Supporting Files */ = {
			isa = PBXGroup;
			children = (
				5146032D19FED8A500782C02 /* Info.plist */,
				5146032E19FED8A500782C02 /* main.m */,
			);
			name = "Supporting Files";
			sourceTree = "<group>";
		};
		5146034819FED8A500782C02 /* RetrogramTests */ = {
			isa = PBXGroup;
			children = (
				5146034B19FED8A500782C02 /* RetrogramTests.m */,
				5146034919FED8A500782C02 /* Supporting Files */,
			);
			path = RetrogramTests;
			sourceTree = "<group>";
		};
		5146034919FED8A500782C02 /* Supporting Files */ = {
			isa = PBXGroup;
			children = (
				5146034A19FED8A500782C02 /* Info.plist */,
			);
			name = "Supporting Files";
			sourceTree = "<group>";
		};
/* End PBXGroup section */

/* Begin PBXNativeTarget section */
		5146032819FED8A500782C02 /* Retrogram */ = {
			isa = PBXNativeTarget;
			buildConfigurationList = 5146034F19FED8A500782C02 /* Build configuration list for PBXNativeTarget "Retrogram" */;
			buildPhases = (
				5146032519FED8A500782C02 /* Sources */,
				5146032619FED8A500782C02 /* Frameworks */,
				5146032719FED8A500782C02 /* Resources */,
			);
			buildRules = (
			);
			dependencies = (
			);
			name = Retrogram;
			productName = Retrogram;
			productReference = 5146032919FED8A500782C02 /* Retrogram.app */;
			productType = "com.apple.product-type.application";
		};
		5146034419FED8A500782C02 /* RetrogramTests */ = {
			isa = PBXNativeTarget;
			buildConfigurationList = 5146035219FED8A500782C02 /* Build configuration list for PBXNativeTarget "RetrogramTests" */;
			buildPhases = (
				5146034119FED8A500782C02 /* Sources */,
				5146034219FED8A500782C02 /* Frameworks */,
				5146034319FED8A500782C02 /* Resources */,
			);
			buildRules = (
			);
			dependencies = (
				5146034719FED8A500782C02 /* PBXTargetDependency */,
			);
			name = RetrogramTests;
			productName = RetrogramTests;
			productReference = 5146034519FED8A500782C02 /* RetrogramTests.xctest */;
			productType = "com.apple.product-type.bundle.unit-test";
		};
/* End PBXNativeTarget section */

/* Begin PBXProject section */
		5146032119FED8A500782C02 /* Project object */ = {
			isa = PBXProject;
			attributes = {
				LastUpgradeCheck = 0610;
				ORGANIZATIONNAME = yoonapps;
				TargetAttributes = {
					5146032819FED8A500782C02 = {
						CreatedOnToolsVersion = 6.1;
					};
					5146034419FED8A500782C02 = {
						CreatedOnToolsVersion = 6.1;
						TestTargetID = 5146032819FED8A500782C02;
					};
				};
			};
			buildConfigurationList = 5146032419FED8A500782C02 /* Build configuration list for PBXProject "Retrogram" */;
			compatibilityVersion = "Xcode 3.2";
			developmentRegion = English;
			hasScannedForEncodings = 0;
			knownRegions = (
				en,
				Base,
			);
			mainGroup = 5146032019FED8A500782C02;
			productRefGroup = 5146032A19FED8A500782C02 /* Products */;
			projectDirPath = "";
			projectRoot = "";
			targets = (
				5146032819FED8A500782C02 /* Retrogram */,
				5146034419FED8A500782C02 /* RetrogramTests */,
			);
		};
/* End PBXProject section */

/* Begin PBXResourcesBuildPhase section */
		5146032719FED8A500782C02 /* Resources */ = {
			isa = PBXResourcesBuildPhase;
			buildActionMask = 2147483647;
			files = (
				5146033B19FED8A500782C02 /* Main.storyboard in Resources */,
				5146034019FED8A500782C02 /* LaunchScreen.xib in Resources */,
				5146033D19FED8A500782C02 /* Images.xcassets in Resources */,
			);
			runOnlyForDeploymentPostprocessing = 0;
		};
		5146034319FED8A500782C02 /* Resources */ = {
			isa = PBXResourcesBuildPhase;
			buildActionMask = 2147483647;
			files = (
			);
			runOnlyForDeploymentPostprocessing = 0;
		};
/* End PBXResourcesBuildPhase section */

/* Begin PBXSourcesBuildPhase section */
		5146032519FED8A500782C02 /* Sources */ = {
			isa = PBXSourcesBuildPhase;
			buildActionMask = 2147483647;
			files = (
				5146033819FED8A500782C02 /* SecondViewController.m in Sources */,
				5146033219FED8A500782C02 /* AppDelegate.m in Sources */,
				5146033519FED8A500782C02 /* FirstViewController.m in Sources */,
				5146032F19FED8A500782C02 /* main.m in Sources */,
			);
			runOnlyForDeploymentPostprocessing = 0;
		};
		5146034119FED8A500782C02 /* Sources */ = {
			isa = PBXSourcesBuildPhase;
			buildActionMask = 2147483647;
			files = (
				5146034C19FED8A500782C02 /* RetrogramTests.m in Sources */,
			);
			runOnlyForDeploymentPostprocessing = 0;
		};
/* End PBXSourcesBuildPhase section */

/* Begin PBXTargetDependency section */
		5146034719FED8A500782C02 /* PBXTargetDependency */ = {
			isa = PBXTargetDependency;
			target = 5146032819FED8A500782C02 /* Retrogram */;
			targetProxy = 5146034619FED8A500782C02 /* PBXContainerItemProxy */;
		};
/* End PBXTargetDependency section */

/* Begin PBXVariantGroup section */
		5146033919FED8A500782C02 /* Main.storyboard */ = {
			isa = PBXVariantGroup;
			children = (
				5146033A19FED8A500782C02 /* Base */,
			);
			name = Main.storyboard;
			sourceTree = "<group>";
		};
		5146033E19FED8A500782C02 /* LaunchScreen.xib */ = {
			isa = PBXVariantGroup;
			children = (
				5146033F19FED8A500782C02 /* Base */,
			);
			name = LaunchScreen.xib;
			sourceTree = "<group>";
		};
/* End PBXVariantGroup section */

/* Begin XCBuildConfiguration section */
		5146034D19FED8A500782C02 /* Debug */ = {
			isa = XCBuildConfiguration;
			buildSettings = {
				ALWAYS_SEARCH_USER_PATHS = NO;
				CLANG_CXX_LANGUAGE_STANDARD = "gnu++0x";
				CLANG_CXX_LIBRARY = "libc++";
				CLANG_ENABLE_MODULES = YES;
				CLANG_ENABLE_OBJC_ARC = YES;
				CLANG_WARN_BOOL_CONVERSION = YES;
				CLANG_WARN_CONSTANT_CONVERSION = YES;
				CLANG_WARN_DIRECT_OBJC_ISA_USAGE = YES_ERROR;
				CLANG_WARN_EMPTY_BODY = YES;
				CLANG_WARN_ENUM_CONVERSION = YES;
				CLANG_WARN_INT_CONVERSION = YES;
				CLANG_WARN_OBJC_ROOT_CLASS = YES_ERROR;
				CLANG_WARN_UNREACHABLE_CODE = YES;
				CLANG_WARN__DUPLICATE_METHOD_MATCH = YES;
				"CODE_SIGN_IDENTITY[sdk=iphoneos*]" = "iPhone Developer";
				COPY_PHASE_STRIP = NO;
				ENABLE_STRICT_OBJC_MSGSEND = YES;
				GCC_C_LANGUAGE_STANDARD = gnu99;
				GCC_DYNAMIC_NO_PIC = NO;
				GCC_OPTIMIZATION_LEVEL = 0;
				GCC_PREPROCESSOR_DEFINITIONS = (
					"DEBUG=1",
					"$(inherited)",
				);
				GCC_SYMBOLS_PRIVATE_EXTERN = NO;
				GCC_WARN_64_TO_32_BIT_CONVERSION = YES;
				GCC_WARN_ABOUT_RETURN_TYPE = YES_ERROR;
				GCC_WARN_UNDECLARED_SELECTOR = YES;
				GCC_WARN_UNINITIALIZED_AUTOS = YES_AGGRESSIVE;
				GCC_WARN_UNUSED_FUNCTION = YES;
				GCC_WARN_UNUSED_VARIABLE = YES;
				IPHONEOS_DEPLOYMENT_TARGET = 8.1;
				MTL_ENABLE_DEBUG_INFO = YES;
				ONLY_ACTIVE_ARCH = YES;
				SDKROOT = iphoneos;
				TARGETED_DEVICE_FAMILY = "1,2";
			};
			name = Debug;
		};
		5146034E19FED8A500782C02 /* Release */ = {
			isa = XCBuildConfiguration;
			buildSettings = {
				ALWAYS_SEARCH_USER_PATHS = NO;
				CLANG_CXX_LANGUAGE_STANDARD = "gnu++0x";
				CLANG_CXX_LIBRARY = "libc++";
				CLANG_ENABLE_MODULES = YES;
				CLANG_ENABLE_OBJC_ARC = YES;
				CLANG_WARN_BOOL_CONVERSION = YES;
				CLANG_WARN_CONSTANT_CONVERSION = YES;
				CLANG_WARN_DIRECT_OBJC_ISA_USAGE = YES_ERROR;
				CLANG_WARN_EMPTY_BODY = YES;
				CLANG_WARN_ENUM_CONVERSION = YES;
				CLANG_WARN_INT_CONVERSION = YES;
				CLANG_WARN_OBJC_ROOT_CLASS = YES_ERROR;
				CLANG_WARN_UNREACHABLE_CODE = YES;
				CLANG_WARN__DUPLICATE_METHOD_MATCH = YES;
				"CODE_SIGN_IDENTITY[sdk=iphoneos*]" = "iPhone Developer";
				COPY_PHASE_STRIP = YES;
				ENABLE_NS_ASSERTIONS = NO;
				ENABLE_STRICT_OBJC_MSGSEND = YES;
				GCC_C_LANGUAGE_STANDARD = gnu99;
				GCC_WARN_64_TO_32_BIT_CONVERSION = YES;
				GCC_WARN_ABOUT_RETURN_TYPE = YES_ERROR;
				GCC_WARN_UNDECLARED_SELECTOR = YES;
				GCC_WARN_UNINITIALIZED_AUTOS = YES_AGGRESSIVE;
				GCC_WARN_UNUSED_FUNCTION = YES;
				GCC_WARN_UNUSED_VARIABLE = YES;
				IPHONEOS_DEPLOYMENT_TARGET = 8.1;
				MTL_ENABLE_DEBUG_INFO = NO;
				SDKROOT = iphoneos;
				TARGETED_DEVICE_FAMILY = "1,2";
				VALIDATE_PRODUCT = YES;
			};
			name = Release;
		};
		5146035019FED8A500782C02 /* Debug */ = {
			isa = XCBuildConfiguration;
			buildSettings = {
				ASSETCATALOG_COMPILER_APPICON_NAME = AppIcon;
				INFOPLIST_FILE = Retrogram/Info.plist;
				LD_RUNPATH_SEARCH_PATHS = "$(inherited) @executable_path/Frameworks";
				PRODUCT_NAME = "$(TARGET_NAME)";
			};
			name = Debug;
		};
		5146035119FED8A500782C02 /* Release */ = {
			isa = XCBuildConfiguration;
			buildSettings = {
				ASSETCATALOG_COMPILER_APPICON_NAME = AppIcon;
				INFOPLIST_FILE = Retrogram/Info.plist;
				LD_RUNPATH_SEARCH_PATHS = "$(inherited) @executable_path/Frameworks";
				PRODUCT_NAME = "$(TARGET_NAME)";
			};
			name = Release;
		};
		5146035319FED8A500782C02 /* Debug */ = {
			isa = XCBuildConfiguration;
			buildSettings = {
				BUNDLE_LOADER = "$(TEST_HOST)";
				FRAMEWORK_SEARCH_PATHS = (
					"$(SDKROOT)/Developer/Library/Frameworks",
					"$(inherited)",
				);
				GCC_PREPROCESSOR_DEFINITIONS = (
					"DEBUG=1",
					"$(inherited)",
				);
				INFOPLIST_FILE = RetrogramTests/Info.plist;
				LD_RUNPATH_SEARCH_PATHS = "$(inherited) @executable_path/Frameworks @loader_path/Frameworks";
				PRODUCT_NAME = "$(TARGET_NAME)";
				TEST_HOST = "$(BUILT_PRODUCTS_DIR)/Retrogram.app/Retrogram";
			};
			name = Debug;
		};
		5146035419FED8A500782C02 /* Release */ = {
			isa = XCBuildConfiguration;
			buildSettings = {
				BUNDLE_LOADER = "$(TEST_HOST)";
				FRAMEWORK_SEARCH_PATHS = (
					"$(SDKROOT)/Developer/Library/Frameworks",
					"$(inherited)",
				);
				INFOPLIST_FILE = RetrogramTests/Info.plist;
				LD_RUNPATH_SEARCH_PATHS = "$(inherited) @executable_path/Frameworks @loader_path/Frameworks";
				PRODUCT_NAME = "$(TARGET_NAME)";
				TEST_HOST = "$(BUILT_PRODUCTS_DIR)/Retrogram.app/Retrogram";
			};
			name = Release;
		};
/* End XCBuildConfiguration section */

/* Begin XCConfigurationList section */
		5146032419FED8A500782C02 /* Build configuration list for PBXProject "Retrogram" */ = {
			isa = XCConfigurationList;
			buildConfigurations = (
				5146034D19FED8A500782C02 /* Debug */,
				5146034E19FED8A500782C02 /* Release */,
			);
			defaultConfigurationIsVisible = 0;
			defaultConfigurationName = Release;
		};
		5146034F19FED8A500782C02 /* Build configuration list for PBXNativeTarget "Retrogram" */ = {
			isa = XCConfigurationList;
			buildConfigurations = (
				5146035019FED8A500782C02 /* Debug */,
				5146035119FED8A500782C02 /* Release */,
			);
			defaultConfigurationIsVisible = 0;
		};
		5146035219FED8A500782C02 /* Build configuration list for PBXNativeTarget "RetrogramTests" */ = {
			isa = XCConfigurationList;
			buildConfigurations = (
				5146035319FED8A500782C02 /* Debug */,
				5146035419FED8A500782C02 /* Release */,
			);
			defaultConfigurationIsVisible = 0;
		};
/* End XCConfigurationList section */
	};
	rootObject = 5146032119FED8A500782C02 /* Project object */;
}
