// !$*UTF8*$!
{
	archiveVersion = 1;
	classes = {
	};
	objectVersion = 46;
	objects = {

/* Begin PBXBuildFile section */
		511D33CD1A0199DE00298E0E /* RGFollowing.m in Sources */ = {isa = PBXBuildFile; fileRef = 511D33CC1A0199DE00298E0E /* RGFollowing.m */; };
		511D33D01A025E7400298E0E /* RGComment.m in Sources */ = {isa = PBXBuildFile; fileRef = 511D33CF1A025E7400298E0E /* RGComment.m */; };
		511D33D31A0260F100298E0E /* CommentViewController.m in Sources */ = {isa = PBXBuildFile; fileRef = 511D33D21A0260F100298E0E /* CommentViewController.m */; };
		5146032F19FED8A500782C02 /* main.m in Sources */ = {isa = PBXBuildFile; fileRef = 5146032E19FED8A500782C02 /* main.m */; };
		5146033219FED8A500782C02 /* AppDelegate.m in Sources */ = {isa = PBXBuildFile; fileRef = 5146033119FED8A500782C02 /* AppDelegate.m */; };
		5146033519FED8A500782C02 /* NewsFeedViewController.m in Sources */ = {isa = PBXBuildFile; fileRef = 5146033419FED8A500782C02 /* NewsFeedViewController.m */; };
		5146033819FED8A500782C02 /* ExploreViewController.m in Sources */ = {isa = PBXBuildFile; fileRef = 5146033719FED8A500782C02 /* ExploreViewController.m */; };
		5146033B19FED8A500782C02 /* Main.storyboard in Resources */ = {isa = PBXBuildFile; fileRef = 5146033919FED8A500782C02 /* Main.storyboard */; };
		5146033D19FED8A500782C02 /* Images.xcassets in Resources */ = {isa = PBXBuildFile; fileRef = 5146033C19FED8A500782C02 /* Images.xcassets */; };
		5146034019FED8A500782C02 /* LaunchScreen.xib in Resources */ = {isa = PBXBuildFile; fileRef = 5146033E19FED8A500782C02 /* LaunchScreen.xib */; };
		5146034C19FED8A500782C02 /* RetrogramTests.m in Sources */ = {isa = PBXBuildFile; fileRef = 5146034B19FED8A500782C02 /* RetrogramTests.m */; };
		5146035719FEDB7F00782C02 /* CameraViewController.m in Sources */ = {isa = PBXBuildFile; fileRef = 5146035619FEDB7F00782C02 /* CameraViewController.m */; };
		5146035A19FEDB8B00782C02 /* ActivityFeedViewController.m in Sources */ = {isa = PBXBuildFile; fileRef = 5146035919FEDB8B00782C02 /* ActivityFeedViewController.m */; };
		5146035D19FEDB9500782C02 /* ProfileViewController.m in Sources */ = {isa = PBXBuildFile; fileRef = 5146035C19FEDB9500782C02 /* ProfileViewController.m */; };
		5146036019FEE07B00782C02 /* RGPhoto.m in Sources */ = {isa = PBXBuildFile; fileRef = 5146035F19FEE07B00782C02 /* RGPhoto.m */; };
		5146036719FEFDB000782C02 /* Bolts.framework in Frameworks */ = {isa = PBXBuildFile; fileRef = 5146036519FEFDB000782C02 /* Bolts.framework */; };
		5146036819FEFDB100782C02 /* Parse.framework in Frameworks */ = {isa = PBXBuildFile; fileRef = 5146036619FEFDB000782C02 /* Parse.framework */; };
		5146037419FEFE0A00782C02 /* Accounts.framework in Frameworks */ = {isa = PBXBuildFile; fileRef = 5146036919FEFE0A00782C02 /* Accounts.framework */; };
		5146037519FEFE0A00782C02 /* AdSupport.framework in Frameworks */ = {isa = PBXBuildFile; fileRef = 5146036A19FEFE0A00782C02 /* AdSupport.framework */; };
		5146037619FEFE0A00782C02 /* AudioToolbox.framework in Frameworks */ = {isa = PBXBuildFile; fileRef = 5146036B19FEFE0A00782C02 /* AudioToolbox.framework */; };
		5146037719FEFE0A00782C02 /* CFNetwork.framework in Frameworks */ = {isa = PBXBuildFile; fileRef = 5146036C19FEFE0A00782C02 /* CFNetwork.framework */; };
		5146037819FEFE0A00782C02 /* CoreGraphics.framework in Frameworks */ = {isa = PBXBuildFile; fileRef = 5146036D19FEFE0A00782C02 /* CoreGraphics.framework */; };
		5146037919FEFE0A00782C02 /* CoreLocation.framework in Frameworks */ = {isa = PBXBuildFile; fileRef = 5146036E19FEFE0A00782C02 /* CoreLocation.framework */; };
		5146037A19FEFE0A00782C02 /* MobileCoreServices.framework in Frameworks */ = {isa = PBXBuildFile; fileRef = 5146036F19FEFE0A00782C02 /* MobileCoreServices.framework */; };
		5146037B19FEFE0A00782C02 /* QuartzCore.framework in Frameworks */ = {isa = PBXBuildFile; fileRef = 5146037019FEFE0A00782C02 /* QuartzCore.framework */; };
		5146037C19FEFE0A00782C02 /* Security.framework in Frameworks */ = {isa = PBXBuildFile; fileRef = 5146037119FEFE0A00782C02 /* Security.framework */; };
		5146037D19FEFE0A00782C02 /* Social.framework in Frameworks */ = {isa = PBXBuildFile; fileRef = 5146037219FEFE0A00782C02 /* Social.framework */; };
		5146037E19FEFE0A00782C02 /* SystemConfiguration.framework in Frameworks */ = {isa = PBXBuildFile; fileRef = 5146037319FEFE0A00782C02 /* SystemConfiguration.framework */; };
		5146038019FEFE1300782C02 /* libz.dylib in Frameworks */ = {isa = PBXBuildFile; fileRef = 5146037F19FEFE1300782C02 /* libz.dylib */; };
		5146089B19FF32DB00782C02 /* ProfileCollectionViewCell.m in Sources */ = {isa = PBXBuildFile; fileRef = 5146089A19FF32DB00782C02 /* ProfileCollectionViewCell.m */; };
		51FEACFD1A0009E800A212D8 /* FullPostCollectionViewCell.m in Sources */ = {isa = PBXBuildFile; fileRef = 51FEACFC1A0009E800A212D8 /* FullPostCollectionViewCell.m */; };
		51FEAD001A0029BF00A212D8 /* LoginViewController.m in Sources */ = {isa = PBXBuildFile; fileRef = 51FEACFF1A0029BF00A212D8 /* LoginViewController.m */; };
		51FEAD031A0029CE00A212D8 /* SignUpViewController.m in Sources */ = {isa = PBXBuildFile; fileRef = 51FEAD021A0029CE00A212D8 /* SignUpViewController.m */; };
		51FEAD411A0155FA00A212D8 /* RGUser.m in Sources */ = {isa = PBXBuildFile; fileRef = 51FEAD401A0155FA00A212D8 /* RGUser.m */; };
		51FEAD451A01682A00A212D8 /* ExploreCollectionViewCell.m in Sources */ = {isa = PBXBuildFile; fileRef = 51FEAD441A01682A00A212D8 /* ExploreCollectionViewCell.m */; };
		51FEAD481A016BFC00A212D8 /* UserViewController.m in Sources */ = {isa = PBXBuildFile; fileRef = 51FEAD471A016BFC00A212D8 /* UserViewController.m */; };
		51FEAD4B1A017AC800A212D8 /* IndividualPhotoViewController.m in Sources */ = {isa = PBXBuildFile; fileRef = 51FEAD4A1A017AC800A212D8 /* IndividualPhotoViewController.m */; };
/* End PBXBuildFile section */

/* Begin PBXContainerItemProxy section */
		5146034619FED8A500782C02 /* PBXContainerItemProxy */ = {
			isa = PBXContainerItemProxy;
			containerPortal = 5146032119FED8A500782C02 /* Project object */;
			proxyType = 1;
			remoteGlobalIDString = 5146032819FED8A500782C02;
			remoteInfo = Retrogram;
		};
/* End PBXContainerItemProxy section */

/* Begin PBXFileReference section */
		511D33CB1A0199DE00298E0E /* RGFollowing.h */ = {isa = PBXFileReference; fileEncoding = 4; lastKnownFileType = sourcecode.c.h; path = RGFollowing.h; sourceTree = "<group>"; };
		511D33CC1A0199DE00298E0E /* RGFollowing.m */ = {isa = PBXFileReference; fileEncoding = 4; lastKnownFileType = sourcecode.c.objc; path = RGFollowing.m; sourceTree = "<group>"; };
		511D33CE1A025E7400298E0E /* RGComment.h */ = {isa = PBXFileReference; fileEncoding = 4; lastKnownFileType = sourcecode.c.h; path = RGComment.h; sourceTree = "<group>"; };
		511D33CF1A025E7400298E0E /* RGComment.m */ = {isa = PBXFileReference; fileEncoding = 4; lastKnownFileType = sourcecode.c.objc; path = RGComment.m; sourceTree = "<group>"; };
		511D33D11A0260F100298E0E /* CommentViewController.h */ = {isa = PBXFileReference; fileEncoding = 4; lastKnownFileType = sourcecode.c.h; path = CommentViewController.h; sourceTree = "<group>"; };
		511D33D21A0260F100298E0E /* CommentViewController.m */ = {isa = PBXFileReference; fileEncoding = 4; lastKnownFileType = sourcecode.c.objc; path = CommentViewController.m; sourceTree = "<group>"; };
		5146032919FED8A500782C02 /* Retrogram.app */ = {isa = PBXFileReference; explicitFileType = wrapper.application; includeInIndex = 0; path = Retrogram.app; sourceTree = BUILT_PRODUCTS_DIR; };
		5146032D19FED8A500782C02 /* Info.plist */ = {isa = PBXFileReference; lastKnownFileType = text.plist.xml; path = Info.plist; sourceTree = "<group>"; };
		5146032E19FED8A500782C02 /* main.m */ = {isa = PBXFileReference; lastKnownFileType = sourcecode.c.objc; path = main.m; sourceTree = "<group>"; };
		5146033019FED8A500782C02 /* AppDelegate.h */ = {isa = PBXFileReference; lastKnownFileType = sourcecode.c.h; path = AppDelegate.h; sourceTree = "<group>"; };
		5146033119FED8A500782C02 /* AppDelegate.m */ = {isa = PBXFileReference; lastKnownFileType = sourcecode.c.objc; path = AppDelegate.m; sourceTree = "<group>"; };
		5146033319FED8A500782C02 /* NewsFeedViewController.h */ = {isa = PBXFileReference; lastKnownFileType = sourcecode.c.h; path = NewsFeedViewController.h; sourceTree = "<group>"; };
		5146033419FED8A500782C02 /* NewsFeedViewController.m */ = {isa = PBXFileReference; lastKnownFileType = sourcecode.c.objc; path = NewsFeedViewController.m; sourceTree = "<group>"; };
		5146033619FED8A500782C02 /* ExploreViewController.h */ = {isa = PBXFileReference; lastKnownFileType = sourcecode.c.h; path = ExploreViewController.h; sourceTree = "<group>"; };
		5146033719FED8A500782C02 /* ExploreViewController.m */ = {isa = PBXFileReference; lastKnownFileType = sourcecode.c.objc; path = ExploreViewController.m; sourceTree = "<group>"; };
		5146033A19FED8A500782C02 /* Base */ = {isa = PBXFileReference; lastKnownFileType = file.storyboard; name = Base; path = Base.lproj/Main.storyboard; sourceTree = "<group>"; };
		5146033C19FED8A500782C02 /* Images.xcassets */ = {isa = PBXFileReference; lastKnownFileType = folder.assetcatalog; path = Images.xcassets; sourceTree = "<group>"; };
		5146033F19FED8A500782C02 /* Base */ = {isa = PBXFileReference; lastKnownFileType = file.xib; name = Base; path = Base.lproj/LaunchScreen.xib; sourceTree = "<group>"; };
		5146034519FED8A500782C02 /* RetrogramTests.xctest */ = {isa = PBXFileReference; explicitFileType = wrapper.cfbundle; includeInIndex = 0; path = RetrogramTests.xctest; sourceTree = BUILT_PRODUCTS_DIR; };
		5146034A19FED8A500782C02 /* Info.plist */ = {isa = PBXFileReference; lastKnownFileType = text.plist.xml; path = Info.plist; sourceTree = "<group>"; };
		5146034B19FED8A500782C02 /* RetrogramTests.m */ = {isa = PBXFileReference; lastKnownFileType = sourcecode.c.objc; path = RetrogramTests.m; sourceTree = "<group>"; };
		5146035519FEDB7F00782C02 /* CameraViewController.h */ = {isa = PBXFileReference; fileEncoding = 4; lastKnownFileType = sourcecode.c.h; path = CameraViewController.h; sourceTree = "<group>"; };
		5146035619FEDB7F00782C02 /* CameraViewController.m */ = {isa = PBXFileReference; fileEncoding = 4; lastKnownFileType = sourcecode.c.objc; path = CameraViewController.m; sourceTree = "<group>"; };
		5146035819FEDB8B00782C02 /* ActivityFeedViewController.h */ = {isa = PBXFileReference; fileEncoding = 4; lastKnownFileType = sourcecode.c.h; path = ActivityFeedViewController.h; sourceTree = "<group>"; };
		5146035919FEDB8B00782C02 /* ActivityFeedViewController.m */ = {isa = PBXFileReference; fileEncoding = 4; lastKnownFileType = sourcecode.c.objc; path = ActivityFeedViewController.m; sourceTree = "<group>"; };
		5146035B19FEDB9500782C02 /* ProfileViewController.h */ = {isa = PBXFileReference; fileEncoding = 4; lastKnownFileType = sourcecode.c.h; path = ProfileViewController.h; sourceTree = "<group>"; };
		5146035C19FEDB9500782C02 /* ProfileViewController.m */ = {isa = PBXFileReference; fileEncoding = 4; lastKnownFileType = sourcecode.c.objc; path = ProfileViewController.m; sourceTree = "<group>"; };
		5146035E19FEE07B00782C02 /* RGPhoto.h */ = {isa = PBXFileReference; fileEncoding = 4; lastKnownFileType = sourcecode.c.h; path = RGPhoto.h; sourceTree = "<group>"; };
		5146035F19FEE07B00782C02 /* RGPhoto.m */ = {isa = PBXFileReference; fileEncoding = 4; lastKnownFileType = sourcecode.c.objc; path = RGPhoto.m; sourceTree = "<group>"; };
		5146036519FEFDB000782C02 /* Bolts.framework */ = {isa = PBXFileReference; lastKnownFileType = wrapper.framework; path = Bolts.framework; sourceTree = "<group>"; };
		5146036619FEFDB000782C02 /* Parse.framework */ = {isa = PBXFileReference; lastKnownFileType = wrapper.framework; path = Parse.framework; sourceTree = "<group>"; };
		5146036919FEFE0A00782C02 /* Accounts.framework */ = {isa = PBXFileReference; lastKnownFileType = wrapper.framework; name = Accounts.framework; path = System/Library/Frameworks/Accounts.framework; sourceTree = SDKROOT; };
		5146036A19FEFE0A00782C02 /* AdSupport.framework */ = {isa = PBXFileReference; lastKnownFileType = wrapper.framework; name = AdSupport.framework; path = System/Library/Frameworks/AdSupport.framework; sourceTree = SDKROOT; };
		5146036B19FEFE0A00782C02 /* AudioToolbox.framework */ = {isa = PBXFileReference; lastKnownFileType = wrapper.framework; name = AudioToolbox.framework; path = System/Library/Frameworks/AudioToolbox.framework; sourceTree = SDKROOT; };
		5146036C19FEFE0A00782C02 /* CFNetwork.framework */ = {isa = PBXFileReference; lastKnownFileType = wrapper.framework; name = CFNetwork.framework; path = System/Library/Frameworks/CFNetwork.framework; sourceTree = SDKROOT; };
		5146036D19FEFE0A00782C02 /* CoreGraphics.framework */ = {isa = PBXFileReference; lastKnownFileType = wrapper.framework; name = CoreGraphics.framework; path = System/Library/Frameworks/CoreGraphics.framework; sourceTree = SDKROOT; };
		5146036E19FEFE0A00782C02 /* CoreLocation.framework */ = {isa = PBXFileReference; lastKnownFileType = wrapper.framework; name = CoreLocation.framework; path = System/Library/Frameworks/CoreLocation.framework; sourceTree = SDKROOT; };
		5146036F19FEFE0A00782C02 /* MobileCoreServices.framework */ = {isa = PBXFileReference; lastKnownFileType = wrapper.framework; name = MobileCoreServices.framework; path = System/Library/Frameworks/MobileCoreServices.framework; sourceTree = SDKROOT; };
		5146037019FEFE0A00782C02 /* QuartzCore.framework */ = {isa = PBXFileReference; lastKnownFileType = wrapper.framework; name = QuartzCore.framework; path = System/Library/Frameworks/QuartzCore.framework; sourceTree = SDKROOT; };
		5146037119FEFE0A00782C02 /* Security.framework */ = {isa = PBXFileReference; lastKnownFileType = wrapper.framework; name = Security.framework; path = System/Library/Frameworks/Security.framework; sourceTree = SDKROOT; };
		5146037219FEFE0A00782C02 /* Social.framework */ = {isa = PBXFileReference; lastKnownFileType = wrapper.framework; name = Social.framework; path = System/Library/Frameworks/Social.framework; sourceTree = SDKROOT; };
		5146037319FEFE0A00782C02 /* SystemConfiguration.framework */ = {isa = PBXFileReference; lastKnownFileType = wrapper.framework; name = SystemConfiguration.framework; path = System/Library/Frameworks/SystemConfiguration.framework; sourceTree = SDKROOT; };
		5146037F19FEFE1300782C02 /* libz.dylib */ = {isa = PBXFileReference; lastKnownFileType = "compiled.mach-o.dylib"; name = libz.dylib; path = usr/lib/libz.dylib; sourceTree = SDKROOT; };
		5146089919FF32DB00782C02 /* ProfileCollectionViewCell.h */ = {isa = PBXFileReference; fileEncoding = 4; lastKnownFileType = sourcecode.c.h; path = ProfileCollectionViewCell.h; sourceTree = "<group>"; };
		5146089A19FF32DB00782C02 /* ProfileCollectionViewCell.m */ = {isa = PBXFileReference; fileEncoding = 4; lastKnownFileType = sourcecode.c.objc; path = ProfileCollectionViewCell.m; sourceTree = "<group>"; };
		51FEACFB1A0009E800A212D8 /* FullPostCollectionViewCell.h */ = {isa = PBXFileReference; fileEncoding = 4; lastKnownFileType = sourcecode.c.h; path = FullPostCollectionViewCell.h; sourceTree = "<group>"; };
		51FEACFC1A0009E800A212D8 /* FullPostCollectionViewCell.m */ = {isa = PBXFileReference; fileEncoding = 4; lastKnownFileType = sourcecode.c.objc; path = FullPostCollectionViewCell.m; sourceTree = "<group>"; };
		51FEACFE1A0029BF00A212D8 /* LoginViewController.h */ = {isa = PBXFileReference; fileEncoding = 4; lastKnownFileType = sourcecode.c.h; path = LoginViewController.h; sourceTree = "<group>"; };
		51FEACFF1A0029BF00A212D8 /* LoginViewController.m */ = {isa = PBXFileReference; fileEncoding = 4; lastKnownFileType = sourcecode.c.objc; path = LoginViewController.m; sourceTree = "<group>"; };
		51FEAD011A0029CE00A212D8 /* SignUpViewController.h */ = {isa = PBXFileReference; fileEncoding = 4; lastKnownFileType = sourcecode.c.h; path = SignUpViewController.h; sourceTree = "<group>"; };
		51FEAD021A0029CE00A212D8 /* SignUpViewController.m */ = {isa = PBXFileReference; fileEncoding = 4; lastKnownFileType = sourcecode.c.objc; path = SignUpViewController.m; sourceTree = "<group>"; };
		51FEAD3F1A0155FA00A212D8 /* RGUser.h */ = {isa = PBXFileReference; fileEncoding = 4; lastKnownFileType = sourcecode.c.h; path = RGUser.h; sourceTree = "<group>"; };
		51FEAD401A0155FA00A212D8 /* RGUser.m */ = {isa = PBXFileReference; fileEncoding = 4; lastKnownFileType = sourcecode.c.objc; path = RGUser.m; sourceTree = "<group>"; };
		51FEAD431A01682A00A212D8 /* ExploreCollectionViewCell.h */ = {isa = PBXFileReference; fileEncoding = 4; lastKnownFileType = sourcecode.c.h; path = ExploreCollectionViewCell.h; sourceTree = "<group>"; };
		51FEAD441A01682A00A212D8 /* ExploreCollectionViewCell.m */ = {isa = PBXFileReference; fileEncoding = 4; lastKnownFileType = sourcecode.c.objc; path = ExploreCollectionViewCell.m; sourceTree = "<group>"; };
		51FEAD461A016BFC00A212D8 /* UserViewController.h */ = {isa = PBXFileReference; fileEncoding = 4; lastKnownFileType = sourcecode.c.h; path = UserViewController.h; sourceTree = "<group>"; };
		51FEAD471A016BFC00A212D8 /* UserViewController.m */ = {isa = PBXFileReference; fileEncoding = 4; lastKnownFileType = sourcecode.c.objc; path = UserViewController.m; sourceTree = "<group>"; };
		51FEAD491A017AC800A212D8 /* IndividualPhotoViewController.h */ = {isa = PBXFileReference; fileEncoding = 4; lastKnownFileType = sourcecode.c.h; path = IndividualPhotoViewController.h; sourceTree = "<group>"; };
		51FEAD4A1A017AC800A212D8 /* IndividualPhotoViewController.m */ = {isa = PBXFileReference; fileEncoding = 4; lastKnownFileType = sourcecode.c.objc; path = IndividualPhotoViewController.m; sourceTree = "<group>"; };
/* End PBXFileReference section */

/* Begin PBXFrameworksBuildPhase section */
		5146032619FED8A500782C02 /* Frameworks */ = {
			isa = PBXFrameworksBuildPhase;
			buildActionMask = 2147483647;
			files = (
				5146038019FEFE1300782C02 /* libz.dylib in Frameworks */,
				5146037419FEFE0A00782C02 /* Accounts.framework in Frameworks */,
				5146037519FEFE0A00782C02 /* AdSupport.framework in Frameworks */,
				5146037619FEFE0A00782C02 /* AudioToolbox.framework in Frameworks */,
				5146037719FEFE0A00782C02 /* CFNetwork.framework in Frameworks */,
				5146037819FEFE0A00782C02 /* CoreGraphics.framework in Frameworks */,
				5146037919FEFE0A00782C02 /* CoreLocation.framework in Frameworks */,
				5146037A19FEFE0A00782C02 /* MobileCoreServices.framework in Frameworks */,
				5146037B19FEFE0A00782C02 /* QuartzCore.framework in Frameworks */,
				5146037C19FEFE0A00782C02 /* Security.framework in Frameworks */,
				5146037D19FEFE0A00782C02 /* Social.framework in Frameworks */,
				5146037E19FEFE0A00782C02 /* SystemConfiguration.framework in Frameworks */,
				5146036819FEFDB100782C02 /* Parse.framework in Frameworks */,
				5146036719FEFDB000782C02 /* Bolts.framework in Frameworks */,
			);
			runOnlyForDeploymentPostprocessing = 0;
		};
		5146034219FED8A500782C02 /* Frameworks */ = {
			isa = PBXFrameworksBuildPhase;
			buildActionMask = 2147483647;
			files = (
			);
			runOnlyForDeploymentPostprocessing = 0;
		};
/* End PBXFrameworksBuildPhase section */

/* Begin PBXGroup section */
		5146032019FED8A500782C02 = {
			isa = PBXGroup;
			children = (
				5146032B19FED8A500782C02 /* Retrogram */,
				5146034819FED8A500782C02 /* RetrogramTests */,
				5146032A19FED8A500782C02 /* Products */,
			);
			sourceTree = "<group>";
		};
		5146032A19FED8A500782C02 /* Products */ = {
			isa = PBXGroup;
			children = (
				5146032919FED8A500782C02 /* Retrogram.app */,
				5146034519FED8A500782C02 /* RetrogramTests.xctest */,
			);
			name = Products;
			sourceTree = "<group>";
		};
		5146032B19FED8A500782C02 /* Retrogram */ = {
			isa = PBXGroup;
			children = (
				5146033019FED8A500782C02 /* AppDelegate.h */,
				5146033119FED8A500782C02 /* AppDelegate.m */,
				51FEAD041A0029D200A212D8 /* Login/Signup */,
				5146033319FED8A500782C02 /* NewsFeedViewController.h */,
				5146033419FED8A500782C02 /* NewsFeedViewController.m */,
				5146033619FED8A500782C02 /* ExploreViewController.h */,
				5146033719FED8A500782C02 /* ExploreViewController.m */,
				51FEAD491A017AC800A212D8 /* IndividualPhotoViewController.h */,
				51FEAD4A1A017AC800A212D8 /* IndividualPhotoViewController.m */,
				511D33D11A0260F100298E0E /* CommentViewController.h */,
				511D33D21A0260F100298E0E /* CommentViewController.m */,
				5146035519FEDB7F00782C02 /* CameraViewController.h */,
				5146035619FEDB7F00782C02 /* CameraViewController.m */,
				5146035819FEDB8B00782C02 /* ActivityFeedViewController.h */,
				5146035919FEDB8B00782C02 /* ActivityFeedViewController.m */,
				5146035B19FEDB9500782C02 /* ProfileViewController.h */,
				5146035C19FEDB9500782C02 /* ProfileViewController.m */,
				51FEAD461A016BFC00A212D8 /* UserViewController.h */,
				51FEAD471A016BFC00A212D8 /* UserViewController.m */,
				51FEAD421A0167F700A212D8 /* Cells */,
				5146036119FEE25D00782C02 /* Model */,
				5146033919FED8A500782C02 /* Main.storyboard */,
				5146033C19FED8A500782C02 /* Images.xcassets */,
				5146033E19FED8A500782C02 /* LaunchScreen.xib */,
				5146032C19FED8A500782C02 /* Supporting Files */,
			);
			path = Retrogram;
			sourceTree = "<group>";
		};
		5146032C19FED8A500782C02 /* Supporting Files */ = {
			isa = PBXGroup;
			children = (
				5146037F19FEFE1300782C02 /* libz.dylib */,
				5146036919FEFE0A00782C02 /* Accounts.framework */,
				5146036A19FEFE0A00782C02 /* AdSupport.framework */,
				5146036B19FEFE0A00782C02 /* AudioToolbox.framework */,
				5146036C19FEFE0A00782C02 /* CFNetwork.framework */,
				5146036D19FEFE0A00782C02 /* CoreGraphics.framework */,
				5146036E19FEFE0A00782C02 /* CoreLocation.framework */,
				5146036F19FEFE0A00782C02 /* MobileCoreServices.framework */,
				5146037019FEFE0A00782C02 /* QuartzCore.framework */,
				5146037119FEFE0A00782C02 /* Security.framework */,
				5146037219FEFE0A00782C02 /* Social.framework */,
				5146037319FEFE0A00782C02 /* SystemConfiguration.framework */,
				5146036519FEFDB000782C02 /* Bolts.framework */,
				5146036619FEFDB000782C02 /* Parse.framework */,
				5146032D19FED8A500782C02 /* Info.plist */,
				5146032E19FED8A500782C02 /* main.m */,
			);
			name = "Supporting Files";
			sourceTree = "<group>";
		};
		5146034819FED8A500782C02 /* RetrogramTests */ = {
			isa = PBXGroup;
			children = (
				5146034B19FED8A500782C02 /* RetrogramTests.m */,
				5146034919FED8A500782C02 /* Supporting Files */,
			);
			path = RetrogramTests;
			sourceTree = "<group>";
		};
		5146034919FED8A500782C02 /* Supporting Files */ = {
			isa = PBXGroup;
			children = (
				5146034A19FED8A500782C02 /* Info.plist */,
			);
			name = "Supporting Files";
			sourceTree = "<group>";
		};
		5146036119FEE25D00782C02 /* Model */ = {
			isa = PBXGroup;
			children = (
				511D33CE1A025E7400298E0E /* RGComment.h */,
				511D33CF1A025E7400298E0E /* RGComment.m */,
				511D33CB1A0199DE00298E0E /* RGFollowing.h */,
				511D33CC1A0199DE00298E0E /* RGFollowing.m */,
				5146035E19FEE07B00782C02 /* RGPhoto.h */,
				5146035F19FEE07B00782C02 /* RGPhoto.m */,
				51FEAD3F1A0155FA00A212D8 /* RGUser.h */,
				51FEAD401A0155FA00A212D8 /* RGUser.m */,
			);
			name = Model;
			sourceTree = "<group>";
		};
		51FEAD041A0029D200A212D8 /* Login/Signup */ = {
			isa = PBXGroup;
			children = (
				51FEACFE1A0029BF00A212D8 /* LoginViewController.h */,
				51FEACFF1A0029BF00A212D8 /* LoginViewController.m */,
				51FEAD011A0029CE00A212D8 /* SignUpViewController.h */,
				51FEAD021A0029CE00A212D8 /* SignUpViewController.m */,
			);
			name = Login/Signup;
			sourceTree = "<group>";
		};
		51FEAD421A0167F700A212D8 /* Cells */ = {
			isa = PBXGroup;
			children = (
				51FEACFB1A0009E800A212D8 /* FullPostCollectionViewCell.h */,
				51FEACFC1A0009E800A212D8 /* FullPostCollectionViewCell.m */,
				5146089919FF32DB00782C02 /* ProfileCollectionViewCell.h */,
				5146089A19FF32DB00782C02 /* ProfileCollectionViewCell.m */,
				51FEAD431A01682A00A212D8 /* ExploreCollectionViewCell.h */,
				51FEAD441A01682A00A212D8 /* ExploreCollectionViewCell.m */,
			);
			name = Cells;
			sourceTree = "<group>";
		};
/* End PBXGroup section */

/* Begin PBXNativeTarget section */
		5146032819FED8A500782C02 /* Retrogram */ = {
			isa = PBXNativeTarget;
			buildConfigurationList = 5146034F19FED8A500782C02 /* Build configuration list for PBXNativeTarget "Retrogram" */;
			buildPhases = (
				5146032519FED8A500782C02 /* Sources */,
				5146032619FED8A500782C02 /* Frameworks */,
				5146032719FED8A500782C02 /* Resources */,
			);
			buildRules = (
			);
			dependencies = (
			);
			name = Retrogram;
			productName = Retrogram;
			productReference = 5146032919FED8A500782C02 /* Retrogram.app */;
			productType = "com.apple.product-type.application";
		};
		5146034419FED8A500782C02 /* RetrogramTests */ = {
			isa = PBXNativeTarget;
			buildConfigurationList = 5146035219FED8A500782C02 /* Build configuration list for PBXNativeTarget "RetrogramTests" */;
			buildPhases = (
				5146034119FED8A500782C02 /* Sources */,
				5146034219FED8A500782C02 /* Frameworks */,
				5146034319FED8A500782C02 /* Resources */,
			);
			buildRules = (
			);
			dependencies = (
				5146034719FED8A500782C02 /* PBXTargetDependency */,
			);
			name = RetrogramTests;
			productName = RetrogramTests;
			productReference = 5146034519FED8A500782C02 /* RetrogramTests.xctest */;
			productType = "com.apple.product-type.bundle.unit-test";
		};
/* End PBXNativeTarget section */

/* Begin PBXProject section */
		5146032119FED8A500782C02 /* Project object */ = {
			isa = PBXProject;
			attributes = {
				LastUpgradeCheck = 0610;
				ORGANIZATIONNAME = yoonapps;
				TargetAttributes = {
					5146032819FED8A500782C02 = {
						CreatedOnToolsVersion = 6.1;
						DevelopmentTeam = EG77NM7886;
					};
					5146034419FED8A500782C02 = {
						CreatedOnToolsVersion = 6.1;
						TestTargetID = 5146032819FED8A500782C02;
					};
				};
			};
			buildConfigurationList = 5146032419FED8A500782C02 /* Build configuration list for PBXProject "Retrogram" */;
			compatibilityVersion = "Xcode 3.2";
			developmentRegion = English;
			hasScannedForEncodings = 0;
			knownRegions = (
				en,
				Base,
				he,
			);
			mainGroup = 5146032019FED8A500782C02;
			productRefGroup = 5146032A19FED8A500782C02 /* Products */;
			projectDirPath = "";
			projectRoot = "";
			targets = (
				5146032819FED8A500782C02 /* Retrogram */,
				5146034419FED8A500782C02 /* RetrogramTests */,
			);
		};
/* End PBXProject section */

/* Begin PBXResourcesBuildPhase section */
		5146032719FED8A500782C02 /* Resources */ = {
			isa = PBXResourcesBuildPhase;
			buildActionMask = 2147483647;
			files = (
				5146033B19FED8A500782C02 /* Main.storyboard in Resources */,
				5146034019FED8A500782C02 /* LaunchScreen.xib in Resources */,
				5146033D19FED8A500782C02 /* Images.xcassets in Resources */,
			);
			runOnlyForDeploymentPostprocessing = 0;
		};
		5146034319FED8A500782C02 /* Resources */ = {
			isa = PBXResourcesBuildPhase;
			buildActionMask = 2147483647;
			files = (
			);
			runOnlyForDeploymentPostprocessing = 0;
		};
/* End PBXResourcesBuildPhase section */

/* Begin PBXSourcesBuildPhase section */
		5146032519FED8A500782C02 /* Sources */ = {
			isa = PBXSourcesBuildPhase;
			buildActionMask = 2147483647;
			files = (
				511D33D31A0260F100298E0E /* CommentViewController.m in Sources */,
				511D33CD1A0199DE00298E0E /* RGFollowing.m in Sources */,
				5146089B19FF32DB00782C02 /* ProfileCollectionViewCell.m in Sources */,
				5146035719FEDB7F00782C02 /* CameraViewController.m in Sources */,
				51FEAD451A01682A00A212D8 /* ExploreCollectionViewCell.m in Sources */,
				5146033819FED8A500782C02 /* ExploreViewController.m in Sources */,
				5146033219FED8A500782C02 /* AppDelegate.m in Sources */,
				511D33D01A025E7400298E0E /* RGComment.m in Sources */,
				5146033519FED8A500782C02 /* NewsFeedViewController.m in Sources */,
				51FEAD481A016BFC00A212D8 /* UserViewController.m in Sources */,
				51FEACFD1A0009E800A212D8 /* FullPostCollectionViewCell.m in Sources */,
				5146036019FEE07B00782C02 /* RGPhoto.m in Sources */,
				51FEAD001A0029BF00A212D8 /* LoginViewController.m in Sources */,
				5146035D19FEDB9500782C02 /* ProfileViewController.m in Sources */,
				5146032F19FED8A500782C02 /* main.m in Sources */,
				51FEAD4B1A017AC800A212D8 /* IndividualPhotoViewController.m in Sources */,
				51FEAD031A0029CE00A212D8 /* SignUpViewController.m in Sources */,
				5146035A19FEDB8B00782C02 /* ActivityFeedViewController.m in Sources */,
				51FEAD411A0155FA00A212D8 /* RGUser.m in Sources */,
			);
			runOnlyForDeploymentPostprocessing = 0;
		};
		5146034119FED8A500782C02 /* Sources */ = {
			isa = PBXSourcesBuildPhase;
			buildActionMask = 2147483647;
			files = (
				5146034C19FED8A500782C02 /* RetrogramTests.m in Sources */,
			);
			runOnlyForDeploymentPostprocessing = 0;
		};
/* End PBXSourcesBuildPhase section */

/* Begin PBXTargetDependency section */
		5146034719FED8A500782C02 /* PBXTargetDependency */ = {
			isa = PBXTargetDependency;
			target = 5146032819FED8A500782C02 /* Retrogram */;
			targetProxy = 5146034619FED8A500782C02 /* PBXContainerItemProxy */;
		};
/* End PBXTargetDependency section */

/* Begin PBXVariantGroup section */
		5146033919FED8A500782C02 /* Main.storyboard */ = {
			isa = PBXVariantGroup;
			children = (
				5146033A19FED8A500782C02 /* Base */,
			);
			name = Main.storyboard;
			sourceTree = "<group>";
		};
		5146033E19FED8A500782C02 /* LaunchScreen.xib */ = {
			isa = PBXVariantGroup;
			children = (
				5146033F19FED8A500782C02 /* Base */,
			);
			name = LaunchScreen.xib;
			sourceTree = "<group>";
		};
/* End PBXVariantGroup section */

/* Begin XCBuildConfiguration section */
		5146034D19FED8A500782C02 /* Debug */ = {
			isa = XCBuildConfiguration;
			buildSettings = {
				ALWAYS_SEARCH_USER_PATHS = NO;
				CLANG_CXX_LANGUAGE_STANDARD = "gnu++0x";
				CLANG_CXX_LIBRARY = "libc++";
				CLANG_ENABLE_MODULES = YES;
				CLANG_ENABLE_OBJC_ARC = YES;
				CLANG_WARN_BOOL_CONVERSION = YES;
				CLANG_WARN_CONSTANT_CONVERSION = YES;
				CLANG_WARN_DIRECT_OBJC_ISA_USAGE = YES_ERROR;
				CLANG_WARN_EMPTY_BODY = YES;
				CLANG_WARN_ENUM_CONVERSION = YES;
				CLANG_WARN_INT_CONVERSION = YES;
				CLANG_WARN_OBJC_ROOT_CLASS = YES_ERROR;
				CLANG_WARN_UNREACHABLE_CODE = YES;
				CLANG_WARN__DUPLICATE_METHOD_MATCH = YES;
				"CODE_SIGN_IDENTITY[sdk=iphoneos*]" = "iPhone Developer";
				COPY_PHASE_STRIP = NO;
				ENABLE_STRICT_OBJC_MSGSEND = YES;
				GCC_C_LANGUAGE_STANDARD = gnu99;
				GCC_DYNAMIC_NO_PIC = NO;
				GCC_OPTIMIZATION_LEVEL = 0;
				GCC_PREPROCESSOR_DEFINITIONS = (
					"DEBUG=1",
					"$(inherited)",
				);
				GCC_SYMBOLS_PRIVATE_EXTERN = NO;
				GCC_WARN_64_TO_32_BIT_CONVERSION = YES;
				GCC_WARN_ABOUT_RETURN_TYPE = YES_ERROR;
				GCC_WARN_UNDECLARED_SELECTOR = YES;
				GCC_WARN_UNINITIALIZED_AUTOS = YES_AGGRESSIVE;
				GCC_WARN_UNUSED_FUNCTION = YES;
				GCC_WARN_UNUSED_VARIABLE = YES;
				IPHONEOS_DEPLOYMENT_TARGET = 8.1;
				MTL_ENABLE_DEBUG_INFO = YES;
				ONLY_ACTIVE_ARCH = YES;
				SDKROOT = iphoneos;
				TARGETED_DEVICE_FAMILY = "1,2";
			};
			name = Debug;
		};
		5146034E19FED8A500782C02 /* Release */ = {
			isa = XCBuildConfiguration;
			buildSettings = {
				ALWAYS_SEARCH_USER_PATHS = NO;
				CLANG_CXX_LANGUAGE_STANDARD = "gnu++0x";
				CLANG_CXX_LIBRARY = "libc++";
				CLANG_ENABLE_MODULES = YES;
				CLANG_ENABLE_OBJC_ARC = YES;
				CLANG_WARN_BOOL_CONVERSION = YES;
				CLANG_WARN_CONSTANT_CONVERSION = YES;
				CLANG_WARN_DIRECT_OBJC_ISA_USAGE = YES_ERROR;
				CLANG_WARN_EMPTY_BODY = YES;
				CLANG_WARN_ENUM_CONVERSION = YES;
				CLANG_WARN_INT_CONVERSION = YES;
				CLANG_WARN_OBJC_ROOT_CLASS = YES_ERROR;
				CLANG_WARN_UNREACHABLE_CODE = YES;
				CLANG_WARN__DUPLICATE_METHOD_MATCH = YES;
				"CODE_SIGN_IDENTITY[sdk=iphoneos*]" = "iPhone Developer";
				COPY_PHASE_STRIP = YES;
				ENABLE_NS_ASSERTIONS = NO;
				ENABLE_STRICT_OBJC_MSGSEND = YES;
				GCC_C_LANGUAGE_STANDARD = gnu99;
				GCC_WARN_64_TO_32_BIT_CONVERSION = YES;
				GCC_WARN_ABOUT_RETURN_TYPE = YES_ERROR;
				GCC_WARN_UNDECLARED_SELECTOR = YES;
				GCC_WARN_UNINITIALIZED_AUTOS = YES_AGGRESSIVE;
				GCC_WARN_UNUSED_FUNCTION = YES;
				GCC_WARN_UNUSED_VARIABLE = YES;
				IPHONEOS_DEPLOYMENT_TARGET = 8.1;
				MTL_ENABLE_DEBUG_INFO = NO;
				SDKROOT = iphoneos;
				TARGETED_DEVICE_FAMILY = "1,2";
				VALIDATE_PRODUCT = YES;
			};
			name = Release;
		};
		5146035019FED8A500782C02 /* Debug */ = {
			isa = XCBuildConfiguration;
			buildSettings = {
				ASSETCATALOG_COMPILER_APPICON_NAME = AppIcon;
				CODE_SIGN_IDENTITY = "iPhone Developer";
				"CODE_SIGN_IDENTITY[sdk=iphoneos*]" = "iPhone Developer";
				FRAMEWORK_SEARCH_PATHS = (
					"$(inherited)",
					"$(PROJECT_DIR)/Retrogram",
					"$(PROJECT_DIR)/Retrogram/FacebookSDK",
					"$(PROJECT_DIR)/Retrogram/FacebookSDK/FBAudienceNetwork",
					/Users/kyleyoon/Documents/FacebookSDK,
					/Users/kyleyoon/Documents/FacebookSDK/FBAudienceNetwork,
				);
				INFOPLIST_FILE = Retrogram/Info.plist;
				LD_RUNPATH_SEARCH_PATHS = "$(inherited) @executable_path/Frameworks";
				PRODUCT_NAME = "$(TARGET_NAME)";
				PROVISIONING_PROFILE = "";
			};
			name = Debug;
		};
		5146035119FED8A500782C02 /* Release */ = {
			isa = XCBuildConfiguration;
			buildSettings = {
				ASSETCATALOG_COMPILER_APPICON_NAME = AppIcon;
				CODE_SIGN_IDENTITY = "iPhone Developer";
				"CODE_SIGN_IDENTITY[sdk=iphoneos*]" = "iPhone Developer";
				FRAMEWORK_SEARCH_PATHS = (
					"$(inherited)",
					"$(PROJECT_DIR)/Retrogram",
					"$(PROJECT_DIR)/Retrogram/FacebookSDK",
					"$(PROJECT_DIR)/Retrogram/FacebookSDK/FBAudienceNetwork",
					/Users/kyleyoon/Documents/FacebookSDK,
					/Users/kyleyoon/Documents/FacebookSDK/FBAudienceNetwork,
				);
				INFOPLIST_FILE = Retrogram/Info.plist;
				LD_RUNPATH_SEARCH_PATHS = "$(inherited) @executable_path/Frameworks";
				PRODUCT_NAME = "$(TARGET_NAME)";
				PROVISIONING_PROFILE = "";
			};
			name = Release;
		};
		5146035319FED8A500782C02 /* Debug */ = {
			isa = XCBuildConfiguration;
			buildSettings = {
				BUNDLE_LOADER = "$(TEST_HOST)";
				FRAMEWORK_SEARCH_PATHS = (
					"$(SDKROOT)/Developer/Library/Frameworks",
					"$(inherited)",
				);
				GCC_PREPROCESSOR_DEFINITIONS = (
					"DEBUG=1",
					"$(inherited)",
				);
				INFOPLIST_FILE = RetrogramTests/Info.plist;
				LD_RUNPATH_SEARCH_PATHS = "$(inherited) @executable_path/Frameworks @loader_path/Frameworks";
				PRODUCT_NAME = "$(TARGET_NAME)";
				TEST_HOST = "$(BUILT_PRODUCTS_DIR)/Retrogram.app/Retrogram";
			};
			name = Debug;
		};
		5146035419FED8A500782C02 /* Release */ = {
			isa = XCBuildConfiguration;
			buildSettings = {
				BUNDLE_LOADER = "$(TEST_HOST)";
				FRAMEWORK_SEARCH_PATHS = (
					"$(SDKROOT)/Developer/Library/Frameworks",
					"$(inherited)",
				);
				INFOPLIST_FILE = RetrogramTests/Info.plist;
				LD_RUNPATH_SEARCH_PATHS = "$(inherited) @executable_path/Frameworks @loader_path/Frameworks";
				PRODUCT_NAME = "$(TARGET_NAME)";
				TEST_HOST = "$(BUILT_PRODUCTS_DIR)/Retrogram.app/Retrogram";
			};
			name = Release;
		};
/* End XCBuildConfiguration section */

/* Begin XCConfigurationList section */
		5146032419FED8A500782C02 /* Build configuration list for PBXProject "Retrogram" */ = {
			isa = XCConfigurationList;
			buildConfigurations = (
				5146034D19FED8A500782C02 /* Debug */,
				5146034E19FED8A500782C02 /* Release */,
			);
			defaultConfigurationIsVisible = 0;
			defaultConfigurationName = Release;
		};
		5146034F19FED8A500782C02 /* Build configuration list for PBXNativeTarget "Retrogram" */ = {
			isa = XCConfigurationList;
			buildConfigurations = (
				5146035019FED8A500782C02 /* Debug */,
				5146035119FED8A500782C02 /* Release */,
			);
			defaultConfigurationIsVisible = 0;
			defaultConfigurationName = Release;
		};
		5146035219FED8A500782C02 /* Build configuration list for PBXNativeTarget "RetrogramTests" */ = {
			isa = XCConfigurationList;
			buildConfigurations = (
				5146035319FED8A500782C02 /* Debug */,
				5146035419FED8A500782C02 /* Release */,
			);
			defaultConfigurationIsVisible = 0;
			defaultConfigurationName = Release;
		};
/* End XCConfigurationList section */
	};
	rootObject = 5146032119FED8A500782C02 /* Project object */;
}
